
Microsoft Visual Studio Solution File, Format Version 12.00
# Visual Studio Version 16
VisualStudioVersion = 16.0.31911.196
MinimumVisualStudioVersion = 10.0.40219.1
Project("{9A19103F-16F7-4668-BE54-9A1E7A4F7556}") = "Chat-SignalR", "Chat-Private-SignalR\Chat-SignalR.csproj", "{724EAAAE-47FF-444F-890D-CE1FE3E51F7B}"
EndProject
Global
	GlobalSection(SolutionConfigurationPlatforms) = preSolution
		Debug|Any CPU = Debug|Any CPU
		Release|Any CPU = Release|Any CPU
	EndGlobalSection
	GlobalSection(ProjectConfigurationPlatforms) = postSolution
		{724EAAAE-47FF-444F-890D-CE1FE3E51F7B}.Debug|Any CPU.ActiveCfg = Debug|Any CPU
		{724EAAAE-47FF-444F-890D-CE1FE3E51F7B}.Debug|Any CPU.Build.0 = Debug|Any CPU
		{724EAAAE-47FF-444F-890D-CE1FE3E51F7B}.Release|Any CPU.ActiveCfg = Release|Any CPU
		{724EAAAE-47FF-444F-890D-CE1FE3E51F7B}.Release|Any CPU.Build.0 = Release|Any CPU
	EndGlobalSection
	GlobalSection(SolutionProperties) = preSolution
		HideSolutionNode = FALSE
	EndGlobalSection
	GlobalSection(ExtensibilityGlobals) = postSolution
		SolutionGuid = {C48DF8A3-3A11-419C-BEE3-EC9444E24BDF}
	EndGlobalSection
EndGlobal
